
Microsoft Visual Studio Solution File, Format Version 12.00
# Visual Studio 15
VisualStudioVersion = 15.0.28307.539
MinimumVisualStudioVersion = 10.0.40219.1
Project("{FAE04EC0-301F-11D3-BF4B-00C04F79EFBC}") = "ejemploJavi", "ejemploJavi\ejemploJavi.csproj", "{FEF81158-303B-4528-B8DF-FF0A5B32A1A6}"
EndProject
Global
	GlobalSection(SolutionConfigurationPlatforms) = preSolution
		Debug|Any CPU = Debug|Any CPU
		Release|Any CPU = Release|Any CPU
	EndGlobalSection
	GlobalSection(ProjectConfigurationPlatforms) = postSolution
		{FEF81158-303B-4528-B8DF-FF0A5B32A1A6}.Debug|Any CPU.ActiveCfg = Debug|Any CPU
		{FEF81158-303B-4528-B8DF-FF0A5B32A1A6}.Debug|Any CPU.Build.0 = Debug|Any CPU
		{FEF81158-303B-4528-B8DF-FF0A5B32A1A6}.Release|Any CPU.ActiveCfg = Release|Any CPU
		{FEF81158-303B-4528-B8DF-FF0A5B32A1A6}.Release|Any CPU.Build.0 = Release|Any CPU
	EndGlobalSection
	GlobalSection(SolutionProperties) = preSolution
		HideSolutionNode = FALSE
	EndGlobalSection
	GlobalSection(ExtensibilityGlobals) = postSolution
		SolutionGuid = {46AC29B3-2B9A-49DE-8AEC-CCCF7BEF0CCC}
	EndGlobalSection
EndGlobal
